
Microsoft Visual Studio Solution File, Format Version 12.00
# Visual Studio Version 16
VisualStudioVersion = 16.0.31019.35
MinimumVisualStudioVersion = 10.0.40219.1
Project("{FAE04EC0-301F-11D3-BF4B-00C04F79EFBC}") = "LotansHealthMarketMVC", "LotansHealthMarketMVC\LotansHealthMarketMVC.csproj", "{49C67D18-C497-4048-ADA0-529F7011164D}"
EndProject
Global
	GlobalSection(SolutionConfigurationPlatforms) = preSolution
		Debug|Any CPU = Debug|Any CPU
		Release|Any CPU = Release|Any CPU
	EndGlobalSection
	GlobalSection(ProjectConfigurationPlatforms) = postSolution
		{49C67D18-C497-4048-ADA0-529F7011164D}.Debug|Any CPU.ActiveCfg = Debug|Any CPU
		{49C67D18-C497-4048-ADA0-529F7011164D}.Debug|Any CPU.Build.0 = Debug|Any CPU
		{49C67D18-C497-4048-ADA0-529F7011164D}.Release|Any CPU.ActiveCfg = Release|Any CPU
		{49C67D18-C497-4048-ADA0-529F7011164D}.Release|Any CPU.Build.0 = Release|Any CPU
	EndGlobalSection
	GlobalSection(SolutionProperties) = preSolution
		HideSolutionNode = FALSE
	EndGlobalSection
	GlobalSection(ExtensibilityGlobals) = postSolution
		SolutionGuid = {54C99A5A-4FA0-4D1A-B233-181A01226632}
	EndGlobalSection
EndGlobal
